
Microsoft Visual Studio Solution File, Format Version 12.00
# Visual Studio Version 16
VisualStudioVersion = 16.0.32002.261
MinimumVisualStudioVersion = 10.0.40219.1
Project("{FAE04EC0-301F-11D3-BF4B-00C04F79EFBC}") = "HMS", "HMS\HMS.csproj", "{07B5D51D-BDF4-4672-8CBD-759ED205EE70}"
EndProject
Project("{FAE04EC0-301F-11D3-BF4B-00C04F79EFBC}") = "HMS.Entities", "HMS.Entities\HMS.Entities.csproj", "{14DF8AB9-61B0-473F-AD91-D5CA75FFC3CA}"
EndProject
Project("{FAE04EC0-301F-11D3-BF4B-00C04F79EFBC}") = "HMS.Data", "HMS.Data\HMS.Data.csproj", "{13E75A2C-7BAB-4778-9873-AD3B957F4B89}"
EndProject
Global
	GlobalSection(SolutionConfigurationPlatforms) = preSolution
		Debug|Any CPU = Debug|Any CPU
		Release|Any CPU = Release|Any CPU
	EndGlobalSection
	GlobalSection(ProjectConfigurationPlatforms) = postSolution
		{07B5D51D-BDF4-4672-8CBD-759ED205EE70}.Debug|Any CPU.ActiveCfg = Debug|Any CPU
		{07B5D51D-BDF4-4672-8CBD-759ED205EE70}.Debug|Any CPU.Build.0 = Debug|Any CPU
		{07B5D51D-BDF4-4672-8CBD-759ED205EE70}.Release|Any CPU.ActiveCfg = Release|Any CPU
		{07B5D51D-BDF4-4672-8CBD-759ED205EE70}.Release|Any CPU.Build.0 = Release|Any CPU
		{14DF8AB9-61B0-473F-AD91-D5CA75FFC3CA}.Debug|Any CPU.ActiveCfg = Debug|Any CPU
		{14DF8AB9-61B0-473F-AD91-D5CA75FFC3CA}.Debug|Any CPU.Build.0 = Debug|Any CPU
		{14DF8AB9-61B0-473F-AD91-D5CA75FFC3CA}.Release|Any CPU.ActiveCfg = Release|Any CPU
		{14DF8AB9-61B0-473F-AD91-D5CA75FFC3CA}.Release|Any CPU.Build.0 = Release|Any CPU
		{13E75A2C-7BAB-4778-9873-AD3B957F4B89}.Debug|Any CPU.ActiveCfg = Debug|Any CPU
		{13E75A2C-7BAB-4778-9873-AD3B957F4B89}.Debug|Any CPU.Build.0 = Debug|Any CPU
		{13E75A2C-7BAB-4778-9873-AD3B957F4B89}.Release|Any CPU.ActiveCfg = Release|Any CPU
		{13E75A2C-7BAB-4778-9873-AD3B957F4B89}.Release|Any CPU.Build.0 = Release|Any CPU
	EndGlobalSection
	GlobalSection(SolutionProperties) = preSolution
		HideSolutionNode = FALSE
	EndGlobalSection
	GlobalSection(ExtensibilityGlobals) = postSolution
		SolutionGuid = {26F62A66-F41F-4FEE-B8F1-B40EAE72E2AA}
	EndGlobalSection
EndGlobal
